
Microsoft Visual Studio Solution File, Format Version 12.00
# Visual Studio Version 16
VisualStudioVersion = 16.0.29215.179
MinimumVisualStudioVersion = 10.0.40219.1
Project("{FAE04EC0-301F-11D3-BF4B-00C04F79EFBC}") = "Vet ej inte viktigt", "Vet ej inte viktigt\Vet ej inte viktigt.csproj", "{34B1CF15-F9F9-4C48-A1E7-C604EB482702}"
EndProject
Global
	GlobalSection(SolutionConfigurationPlatforms) = preSolution
		Debug|Any CPU = Debug|Any CPU
		Release|Any CPU = Release|Any CPU
	EndGlobalSection
	GlobalSection(ProjectConfigurationPlatforms) = postSolution
		{34B1CF15-F9F9-4C48-A1E7-C604EB482702}.Debug|Any CPU.ActiveCfg = Debug|Any CPU
		{34B1CF15-F9F9-4C48-A1E7-C604EB482702}.Debug|Any CPU.Build.0 = Debug|Any CPU
		{34B1CF15-F9F9-4C48-A1E7-C604EB482702}.Release|Any CPU.ActiveCfg = Release|Any CPU
		{34B1CF15-F9F9-4C48-A1E7-C604EB482702}.Release|Any CPU.Build.0 = Release|Any CPU
	EndGlobalSection
	GlobalSection(SolutionProperties) = preSolution
		HideSolutionNode = FALSE
	EndGlobalSection
	GlobalSection(ExtensibilityGlobals) = postSolution
		SolutionGuid = {A003BC1D-B4AA-4C10-9181-51A570479F02}
	EndGlobalSection
EndGlobal
